// !$*UTF8*$!
{
	archiveVersion = 1;
	classes = {
	};
	objectVersion = 48;
	objects = {

/* Begin PBXBuildFile section */
		3BED6B5352F849AF80DD7410 /* Pods_dummy_swift.framework in Frameworks */ = {isa = PBXBuildFile; fileRef = D02061DC93136F2475E37202 /* Pods_dummy_swift.framework */; };
		53C7F695208F660A0075C5BA /* AppDelegate.swift in Sources */ = {isa = PBXBuildFile; fileRef = 53C7F694208F660A0075C5BA /* AppDelegate.swift */; };
		53C7F69C208F660B0075C5BA /* Assets.xcassets in Resources */ = {isa = PBXBuildFile; fileRef = 53C7F69B208F660B0075C5BA /* Assets.xcassets */; };
		53C7F69F208F660B0075C5BA /* LaunchScreen.storyboard in Resources */ = {isa = PBXBuildFile; fileRef = 53C7F69D208F660B0075C5BA /* LaunchScreen.storyboard */; };
		53C7F6A9208F667F0075C5BA /* LandingViewController.swift in Sources */ = {isa = PBXBuildFile; fileRef = 53C7F6A7208F667F0075C5BA /* LandingViewController.swift */; };
		53C7F6AA208F667F0075C5BA /* LandingViewController.xib in Resources */ = {isa = PBXBuildFile; fileRef = 53C7F6A8208F667F0075C5BA /* LandingViewController.xib */; };
		53C7F6AC208F66AE0075C5BA /* ViewController.swift in Sources */ = {isa = PBXBuildFile; fileRef = 53C7F6AB208F66AE0075C5BA /* ViewController.swift */; };
		53C7F6B0208F68210075C5BA /* Style.swift in Sources */ = {isa = PBXBuildFile; fileRef = 53C7F6AF208F68210075C5BA /* Style.swift */; };
		53F8185823EA92A0005F291C /* TableViewItem.swift in Sources */ = {isa = PBXBuildFile; fileRef = 53F8185523EA929F005F291C /* TableViewItem.swift */; };
		53F8185923EA92A0005F291C /* TextTableViewItem.swift in Sources */ = {isa = PBXBuildFile; fileRef = 53F8185623EA929F005F291C /* TextTableViewItem.swift */; };
		53F8185A23EA92A0005F291C /* SectionOfCustomData.swift in Sources */ = {isa = PBXBuildFile; fileRef = 53F8185723EA929F005F291C /* SectionOfCustomData.swift */; };
/* End PBXBuildFile section */

/* Begin PBXFileReference section */
		1CE3AD6E4CDF9F4F4A687D70 /* Pods-dummy-swift.release.xcconfig */ = {isa = PBXFileReference; includeInIndex = 1; lastKnownFileType = text.xcconfig; name = "Pods-dummy-swift.release.xcconfig"; path = "Target Support Files/Pods-dummy-swift/Pods-dummy-swift.release.xcconfig"; sourceTree = "<group>"; };
		53C7F691208F660A0075C5BA /* dummy-swift.app */ = {isa = PBXFileReference; explicitFileType = wrapper.application; includeInIndex = 0; path = "dummy-swift.app"; sourceTree = BUILT_PRODUCTS_DIR; };
		53C7F694208F660A0075C5BA /* AppDelegate.swift */ = {isa = PBXFileReference; lastKnownFileType = sourcecode.swift; path = AppDelegate.swift; sourceTree = "<group>"; };
		53C7F69B208F660B0075C5BA /* Assets.xcassets */ = {isa = PBXFileReference; lastKnownFileType = folder.assetcatalog; path = Assets.xcassets; sourceTree = "<group>"; };
		53C7F69E208F660B0075C5BA /* Base */ = {isa = PBXFileReference; lastKnownFileType = file.storyboard; name = Base; path = Base.lproj/LaunchScreen.storyboard; sourceTree = "<group>"; };
		53C7F6A0208F660B0075C5BA /* Info.plist */ = {isa = PBXFileReference; lastKnownFileType = text.plist.xml; path = Info.plist; sourceTree = "<group>"; };
		53C7F6A7208F667F0075C5BA /* LandingViewController.swift */ = {isa = PBXFileReference; lastKnownFileType = sourcecode.swift; path = LandingViewController.swift; sourceTree = "<group>"; };
		53C7F6A8208F667F0075C5BA /* LandingViewController.xib */ = {isa = PBXFileReference; lastKnownFileType = file.xib; path = LandingViewController.xib; sourceTree = "<group>"; };
		53C7F6AB208F66AE0075C5BA /* ViewController.swift */ = {isa = PBXFileReference; lastKnownFileType = sourcecode.swift; path = ViewController.swift; sourceTree = "<group>"; };
		53C7F6AF208F68210075C5BA /* Style.swift */ = {isa = PBXFileReference; lastKnownFileType = sourcecode.swift; path = Style.swift; sourceTree = "<group>"; };
		53F8185523EA929F005F291C /* TableViewItem.swift */ = {isa = PBXFileReference; fileEncoding = 4; lastKnownFileType = sourcecode.swift; path = TableViewItem.swift; sourceTree = "<group>"; };
		53F8185623EA929F005F291C /* TextTableViewItem.swift */ = {isa = PBXFileReference; fileEncoding = 4; lastKnownFileType = sourcecode.swift; path = TextTableViewItem.swift; sourceTree = "<group>"; };
		53F8185723EA929F005F291C /* SectionOfCustomData.swift */ = {isa = PBXFileReference; fileEncoding = 4; lastKnownFileType = sourcecode.swift; path = SectionOfCustomData.swift; sourceTree = "<group>"; };
		C7A603C6B98E235C322D0B2B /* Pods-dummy-swift.debug.xcconfig */ = {isa = PBXFileReference; includeInIndex = 1; lastKnownFileType = text.xcconfig; name = "Pods-dummy-swift.debug.xcconfig"; path = "Target Support Files/Pods-dummy-swift/Pods-dummy-swift.debug.xcconfig"; sourceTree = "<group>"; };
		D02061DC93136F2475E37202 /* Pods_dummy_swift.framework */ = {isa = PBXFileReference; explicitFileType = wrapper.framework; includeInIndex = 0; path = Pods_dummy_swift.framework; sourceTree = BUILT_PRODUCTS_DIR; };
/* End PBXFileReference section */

/* Begin PBXFrameworksBuildPhase section */
		53C7F68E208F660A0075C5BA /* Frameworks */ = {
			isa = PBXFrameworksBuildPhase;
			buildActionMask = 2147483647;
			files = (
				3BED6B5352F849AF80DD7410 /* Pods_dummy_swift.framework in Frameworks */,
			);
			runOnlyForDeploymentPostprocessing = 0;
		};
/* End PBXFrameworksBuildPhase section */

/* Begin PBXGroup section */
		53C7F688208F660A0075C5BA = {
			isa = PBXGroup;
			children = (
				53C7F693208F660A0075C5BA /* dummy-swift */,
				53C7F692208F660A0075C5BA /* Products */,
				EFB8981F39A4EFEF546ED116 /* Pods */,
				679197500EEADA17173C2081 /* Frameworks */,
			);
			sourceTree = "<group>";
		};
		53C7F692208F660A0075C5BA /* Products */ = {
			isa = PBXGroup;
			children = (
				53C7F691208F660A0075C5BA /* dummy-swift.app */,
			);
			name = Products;
			sourceTree = "<group>";
		};
		53C7F693208F660A0075C5BA /* dummy-swift */ = {
			isa = PBXGroup;
			children = (
				53F8185423EA926B005F291C /* Model */,
				53C7F6AE208F68180075C5BA /* Common */,
				53C7F6A6208F66560075C5BA /* Landing */,
				53C7F694208F660A0075C5BA /* AppDelegate.swift */,
				53C7F69B208F660B0075C5BA /* Assets.xcassets */,
				53C7F69D208F660B0075C5BA /* LaunchScreen.storyboard */,
				53C7F6A0208F660B0075C5BA /* Info.plist */,
				53C7F6AB208F66AE0075C5BA /* ViewController.swift */,
			);
			path = "dummy-swift";
			sourceTree = "<group>";
		};
		53C7F6A6208F66560075C5BA /* Landing */ = {
			isa = PBXGroup;
			children = (
				53C7F6A7208F667F0075C5BA /* LandingViewController.swift */,
				53C7F6A8208F667F0075C5BA /* LandingViewController.xib */,
			);
			path = Landing;
			sourceTree = "<group>";
		};
		53C7F6AE208F68180075C5BA /* Common */ = {
			isa = PBXGroup;
			children = (
				53C7F6AF208F68210075C5BA /* Style.swift */,
			);
			path = Common;
			sourceTree = "<group>";
		};
		53F8185423EA926B005F291C /* Model */ = {
			isa = PBXGroup;
			children = (
				53F8185723EA929F005F291C /* SectionOfCustomData.swift */,
				53F8185523EA929F005F291C /* TableViewItem.swift */,
				53F8185623EA929F005F291C /* TextTableViewItem.swift */,
			);
			path = Model;
			sourceTree = "<group>";
		};
		679197500EEADA17173C2081 /* Frameworks */ = {
			isa = PBXGroup;
			children = (
				D02061DC93136F2475E37202 /* Pods_dummy_swift.framework */,
			);
			name = Frameworks;
			sourceTree = "<group>";
		};
		EFB8981F39A4EFEF546ED116 /* Pods */ = {
			isa = PBXGroup;
			children = (
				C7A603C6B98E235C322D0B2B /* Pods-dummy-swift.debug.xcconfig */,
				1CE3AD6E4CDF9F4F4A687D70 /* Pods-dummy-swift.release.xcconfig */,
			);
			path = Pods;
			sourceTree = "<group>";
		};
/* End PBXGroup section */

/* Begin PBXNativeTarget section */
		53C7F690208F660A0075C5BA /* dummy-swift */ = {
			isa = PBXNativeTarget;
			buildConfigurationList = 53C7F6A3208F660B0075C5BA /* Build configuration list for PBXNativeTarget "dummy-swift" */;
			buildPhases = (
				1CCC2B546944658CCA9B93CC /* [CP] Check Pods Manifest.lock */,
				53C7F68D208F660A0075C5BA /* Sources */,
				53C7F68E208F660A0075C5BA /* Frameworks */,
				53C7F68F208F660A0075C5BA /* Resources */,
				061AD2778894AF578786C41B /* [CP] Embed Pods Frameworks */,
			);
			buildRules = (
			);
			dependencies = (
			);
			name = "dummy-swift";
			productName = "dummy-swift";
			productReference = 53C7F691208F660A0075C5BA /* dummy-swift.app */;
			productType = "com.apple.product-type.application";
		};
/* End PBXNativeTarget section */

/* Begin PBXProject section */
		53C7F689208F660A0075C5BA /* Project object */ = {
			isa = PBXProject;
			attributes = {
				LastSwiftUpdateCheck = 0920;
				LastUpgradeCheck = 0920;
				ORGANIZATIONNAME = "WAN Tung Lok";
				TargetAttributes = {
					53C7F690208F660A0075C5BA = {
						CreatedOnToolsVersion = 9.2;
						ProvisioningStyle = Manual;
					};
				};
			};
			buildConfigurationList = 53C7F68C208F660A0075C5BA /* Build configuration list for PBXProject "dummy-swift" */;
			compatibilityVersion = "Xcode 8.0";
			developmentRegion = en;
			hasScannedForEncodings = 0;
			knownRegions = (
				en,
				Base,
			);
			mainGroup = 53C7F688208F660A0075C5BA;
			productRefGroup = 53C7F692208F660A0075C5BA /* Products */;
			projectDirPath = "";
			projectRoot = "";
			targets = (
				53C7F690208F660A0075C5BA /* dummy-swift */,
			);
		};
/* End PBXProject section */

/* Begin PBXResourcesBuildPhase section */
		53C7F68F208F660A0075C5BA /* Resources */ = {
			isa = PBXResourcesBuildPhase;
			buildActionMask = 2147483647;
			files = (
				53C7F6AA208F667F0075C5BA /* LandingViewController.xib in Resources */,
				53C7F69F208F660B0075C5BA /* LaunchScreen.storyboard in Resources */,
				53C7F69C208F660B0075C5BA /* Assets.xcassets in Resources */,
			);
			runOnlyForDeploymentPostprocessing = 0;
		};
/* End PBXResourcesBuildPhase section */

/* Begin PBXShellScriptBuildPhase section */
		061AD2778894AF578786C41B /* [CP] Embed Pods Frameworks */ = {
			isa = PBXShellScriptBuildPhase;
			buildActionMask = 2147483647;
			files = (
			);
			inputPaths = (
				"${PODS_ROOT}/Target Support Files/Pods-dummy-swift/Pods-dummy-swift-frameworks.sh",
				"${BUILT_PRODUCTS_DIR}/Differentiator/Differentiator.framework",
				"${BUILT_PRODUCTS_DIR}/RxCocoa/RxCocoa.framework",
				"${BUILT_PRODUCTS_DIR}/RxDataSources/RxDataSources.framework",
				"${BUILT_PRODUCTS_DIR}/RxRelay/RxRelay.framework",
				"${BUILT_PRODUCTS_DIR}/RxSwift/RxSwift.framework",
			);
			name = "[CP] Embed Pods Frameworks";
			outputPaths = (
				"${TARGET_BUILD_DIR}/${FRAMEWORKS_FOLDER_PATH}/Differentiator.framework",
				"${TARGET_BUILD_DIR}/${FRAMEWORKS_FOLDER_PATH}/RxCocoa.framework",
				"${TARGET_BUILD_DIR}/${FRAMEWORKS_FOLDER_PATH}/RxDataSources.framework",
				"${TARGET_BUILD_DIR}/${FRAMEWORKS_FOLDER_PATH}/RxRelay.framework",
				"${TARGET_BUILD_DIR}/${FRAMEWORKS_FOLDER_PATH}/RxSwift.framework",
			);
			runOnlyForDeploymentPostprocessing = 0;
			shellPath = /bin/sh;
			shellScript = "\"${PODS_ROOT}/Target Support Files/Pods-dummy-swift/Pods-dummy-swift-frameworks.sh\"\n";
			showEnvVarsInLog = 0;
		};
		1CCC2B546944658CCA9B93CC /* [CP] Check Pods Manifest.lock */ = {
			isa = PBXShellScriptBuildPhase;
			buildActionMask = 2147483647;
			files = (
			);
			inputFileListPaths = (
			);
			inputPaths = (
				"${PODS_PODFILE_DIR_PATH}/Podfile.lock",
				"${PODS_ROOT}/Manifest.lock",
			);
			name = "[CP] Check Pods Manifest.lock";
			outputFileListPaths = (
			);
			outputPaths = (
				"$(DERIVED_FILE_DIR)/Pods-dummy-swift-checkManifestLockResult.txt",
			);
			runOnlyForDeploymentPostprocessing = 0;
			shellPath = /bin/sh;
			shellScript = "diff \"${PODS_PODFILE_DIR_PATH}/Podfile.lock\" \"${PODS_ROOT}/Manifest.lock\" > /dev/null\nif [ $? != 0 ] ; then\n    # print error to STDERR\n    echo \"error: The sandbox is not in sync with the Podfile.lock. Run 'pod install' or update your CocoaPods installation.\" >&2\n    exit 1\nfi\n# This output is used by Xcode 'outputs' to avoid re-running this script phase.\necho \"SUCCESS\" > \"${SCRIPT_OUTPUT_FILE_0}\"\n";
			showEnvVarsInLog = 0;
		};
/* End PBXShellScriptBuildPhase section */

/* Begin PBXSourcesBuildPhase section */
		53C7F68D208F660A0075C5BA /* Sources */ = {
			isa = PBXSourcesBuildPhase;
			buildActionMask = 2147483647;
			files = (
				53C7F6AC208F66AE0075C5BA /* ViewController.swift in Sources */,
				53C7F6A9208F667F0075C5BA /* LandingViewController.swift in Sources */,
				53F8185823EA92A0005F291C /* TableViewItem.swift in Sources */,
				53C7F695208F660A0075C5BA /* AppDelegate.swift in Sources */,
				53C7F6B0208F68210075C5BA /* Style.swift in Sources */,
				53F8185A23EA92A0005F291C /* SectionOfCustomData.swift in Sources */,
				53F8185923EA92A0005F291C /* TextTableViewItem.swift in Sources */,
			);
			runOnlyForDeploymentPostprocessing = 0;
		};
/* End PBXSourcesBuildPhase section */

/* Begin PBXVariantGroup section */
		53C7F69D208F660B0075C5BA /* LaunchScreen.storyboard */ = {
			isa = PBXVariantGroup;
			children = (
				53C7F69E208F660B0075C5BA /* Base */,
			);
			name = LaunchScreen.storyboard;
			sourceTree = "<group>";
		};
/* End PBXVariantGroup section */

/* Begin XCBuildConfiguration section */
		53C7F6A1208F660B0075C5BA /* Debug */ = {
			isa = XCBuildConfiguration;
			buildSettings = {
				ALWAYS_SEARCH_USER_PATHS = NO;
				CLANG_ANALYZER_NONNULL = YES;
				CLANG_ANALYZER_NUMBER_OBJECT_CONVERSION = YES_AGGRESSIVE;
				CLANG_CXX_LANGUAGE_STANDARD = "gnu++14";
				CLANG_CXX_LIBRARY = "libc++";
				CLANG_ENABLE_MODULES = YES;
				CLANG_ENABLE_OBJC_ARC = YES;
				CLANG_WARN_BLOCK_CAPTURE_AUTORELEASING = YES;
				CLANG_WARN_BOOL_CONVERSION = YES;
				CLANG_WARN_COMMA = YES;
				CLANG_WARN_CONSTANT_CONVERSION = YES;
				CLANG_WARN_DIRECT_OBJC_ISA_USAGE = YES_ERROR;
				CLANG_WARN_DOCUMENTATION_COMMENTS = YES;
				CLANG_WARN_EMPTY_BODY = YES;
				CLANG_WARN_ENUM_CONVERSION = YES;
				CLANG_WARN_INFINITE_RECURSION = YES;
				CLANG_WARN_INT_CONVERSION = YES;
				CLANG_WARN_NON_LITERAL_NULL_CONVERSION = YES;
				CLANG_WARN_OBJC_LITERAL_CONVERSION = YES;
				CLANG_WARN_OBJC_ROOT_CLASS = YES_ERROR;
				CLANG_WARN_RANGE_LOOP_ANALYSIS = YES;
				CLANG_WARN_STRICT_PROTOTYPES = YES;
				CLANG_WARN_SUSPICIOUS_MOVE = YES;
				CLANG_WARN_UNGUARDED_AVAILABILITY = YES_AGGRESSIVE;
				CLANG_WARN_UNREACHABLE_CODE = YES;
				CLANG_WARN__DUPLICATE_METHOD_MATCH = YES;
				CODE_SIGN_IDENTITY = "iPhone Developer";
				COPY_PHASE_STRIP = NO;
				DEBUG_INFORMATION_FORMAT = dwarf;
				ENABLE_STRICT_OBJC_MSGSEND = YES;
				ENABLE_TESTABILITY = YES;
				GCC_C_LANGUAGE_STANDARD = gnu11;
				GCC_DYNAMIC_NO_PIC = NO;
				GCC_NO_COMMON_BLOCKS = YES;
				GCC_OPTIMIZATION_LEVEL = 0;
				GCC_PREPROCESSOR_DEFINITIONS = (
					"DEBUG=1",
					"$(inherited)",
				);
				GCC_WARN_64_TO_32_BIT_CONVERSION = YES;
				GCC_WARN_ABOUT_RETURN_TYPE = YES_ERROR;
				GCC_WARN_UNDECLARED_SELECTOR = YES;
				GCC_WARN_UNINITIALIZED_AUTOS = YES_AGGRESSIVE;
				GCC_WARN_UNUSED_FUNCTION = YES;
				GCC_WARN_UNUSED_VARIABLE = YES;
				IPHONEOS_DEPLOYMENT_TARGET = 11.2;
				MTL_ENABLE_DEBUG_INFO = YES;
				ONLY_ACTIVE_ARCH = YES;
				SDKROOT = iphoneos;
				SWIFT_ACTIVE_COMPILATION_CONDITIONS = DEBUG;
				SWIFT_OPTIMIZATION_LEVEL = "-Onone";
			};
			name = Debug;
		};
		53C7F6A2208F660B0075C5BA /* Release */ = {
			isa = XCBuildConfiguration;
			buildSettings = {
				ALWAYS_SEARCH_USER_PATHS = NO;
				CLANG_ANALYZER_NONNULL = YES;
				CLANG_ANALYZER_NUMBER_OBJECT_CONVERSION = YES_AGGRESSIVE;
				CLANG_CXX_LANGUAGE_STANDARD = "gnu++14";
				CLANG_CXX_LIBRARY = "libc++";
				CLANG_ENABLE_MODULES = YES;
				CLANG_ENABLE_OBJC_ARC = YES;
				CLANG_WARN_BLOCK_CAPTURE_AUTORELEASING = YES;
				CLANG_WARN_BOOL_CONVERSION = YES;
				CLANG_WARN_COMMA = YES;
				CLANG_WARN_CONSTANT_CONVERSION = YES;
				CLANG_WARN_DIRECT_OBJC_ISA_USAGE = YES_ERROR;
				CLANG_WARN_DOCUMENTATION_COMMENTS = YES;
				CLANG_WARN_EMPTY_BODY = YES;
				CLANG_WARN_ENUM_CONVERSION = YES;
				CLANG_WARN_INFINITE_RECURSION = YES;
				CLANG_WARN_INT_CONVERSION = YES;
				CLANG_WARN_NON_LITERAL_NULL_CONVERSION = YES;
				CLANG_WARN_OBJC_LITERAL_CONVERSION = YES;
				CLANG_WARN_OBJC_ROOT_CLASS = YES_ERROR;
				CLANG_WARN_RANGE_LOOP_ANALYSIS = YES;
				CLANG_WARN_STRICT_PROTOTYPES = YES;
				CLANG_WARN_SUSPICIOUS_MOVE = YES;
				CLANG_WARN_UNGUARDED_AVAILABILITY = YES_AGGRESSIVE;
				CLANG_WARN_UNREACHABLE_CODE = YES;
				CLANG_WARN__DUPLICATE_METHOD_MATCH = YES;
				CODE_SIGN_IDENTITY = "iPhone Developer";
				COPY_PHASE_STRIP = NO;
				DEBUG_INFORMATION_FORMAT = "dwarf-with-dsym";
				ENABLE_NS_ASSERTIONS = NO;
				ENABLE_STRICT_OBJC_MSGSEND = YES;
				GCC_C_LANGUAGE_STANDARD = gnu11;
				GCC_NO_COMMON_BLOCKS = YES;
				GCC_WARN_64_TO_32_BIT_CONVERSION = YES;
				GCC_WARN_ABOUT_RETURN_TYPE = YES_ERROR;
				GCC_WARN_UNDECLARED_SELECTOR = YES;
				GCC_WARN_UNINITIALIZED_AUTOS = YES_AGGRESSIVE;
				GCC_WARN_UNUSED_FUNCTION = YES;
				GCC_WARN_UNUSED_VARIABLE = YES;
				IPHONEOS_DEPLOYMENT_TARGET = 11.2;
				MTL_ENABLE_DEBUG_INFO = NO;
				SDKROOT = iphoneos;
				SWIFT_OPTIMIZATION_LEVEL = "-Owholemodule";
				VALIDATE_PRODUCT = YES;
			};
			name = Release;
		};
		53C7F6A4208F660B0075C5BA /* Debug */ = {
			isa = XCBuildConfiguration;
			baseConfigurationReference = C7A603C6B98E235C322D0B2B /* Pods-dummy-swift.debug.xcconfig */;
			buildSettings = {
				ASSETCATALOG_COMPILER_APPICON_NAME = AppIcon;
				CODE_SIGN_STYLE = Manual;
				DEVELOPMENT_TEAM = HY9R5V8MN4;
				INFOPLIST_FILE = "dummy-swift/Info.plist";
				IPHONEOS_DEPLOYMENT_TARGET = 10.0;
				LD_RUNPATH_SEARCH_PATHS = "$(inherited) @executable_path/Frameworks";
				PRODUCT_BUNDLE_IDENTIFIER = "com.qbs.dummy-swift";
				PRODUCT_NAME = "$(TARGET_NAME)";
				PROVISIONING_PROFILE = "491bdcb2-c936-4719-8db8-949df844937c";
				PROVISIONING_PROFILE_SPECIFIER = "General Development";
				SWIFT_VERSION = 4.0;
				TARGETED_DEVICE_FAMILY = 1;
			};
			name = Debug;
		};
		53C7F6A5208F660B0075C5BA /* Release */ = {
			isa = XCBuildConfiguration;
			baseConfigurationReference = 1CE3AD6E4CDF9F4F4A687D70 /* Pods-dummy-swift.release.xcconfig */;
			buildSettings = {
				ASSETCATALOG_COMPILER_APPICON_NAME = AppIcon;
				CODE_SIGN_STYLE = Manual;
				DEVELOPMENT_TEAM = "";
				INFOPLIST_FILE = "dummy-swift/Info.plist";
				IPHONEOS_DEPLOYMENT_TARGET = 10.0;
				LD_RUNPATH_SEARCH_PATHS = "$(inherited) @executable_path/Frameworks";
				PRODUCT_BUNDLE_IDENTIFIER = "com.qbs.dummy-swift";
				PRODUCT_NAME = "$(TARGET_NAME)";
				PROVISIONING_PROFILE_SPECIFIER = "";
				SWIFT_VERSION = 4.0;
				TARGETED_DEVICE_FAMILY = 1;
			};
			name = Release;
		};
/* End XCBuildConfiguration section */

/* Begin XCConfigurationList section */
		53C7F68C208F660A0075C5BA /* Build configuration list for PBXProject "dummy-swift" */ = {
			isa = XCConfigurationList;
			buildConfigurations = (
				53C7F6A1208F660B0075C5BA /* Debug */,
				53C7F6A2208F660B0075C5BA /* Release */,
			);
			defaultConfigurationIsVisible = 0;
			defaultConfigurationName = Release;
		};
		53C7F6A3208F660B0075C5BA /* Build configuration list for PBXNativeTarget "dummy-swift" */ = {
			isa = XCConfigurationList;
			buildConfigurations = (
				53C7F6A4208F660B0075C5BA /* Debug */,
				53C7F6A5208F660B0075C5BA /* Release */,
			);
			defaultConfigurationIsVisible = 0;
			defaultConfigurationName = Release;
		};
/* End XCConfigurationList section */
	};
	rootObject = 53C7F689208F660A0075C5BA /* Project object */;
}
